
Microsoft Visual Studio Solution File, Format Version 12.00
# Visual Studio Version 16
VisualStudioVersion = 16.0.30503.244
MinimumVisualStudioVersion = 10.0.40219.1
Project("{888888A0-9F3D-457C-B088-3A5042F75D52}") = "pushStone", "pushStone.pyproj", "{307A5D91-38E0-4DF0-84E4-AF41935C5087}"
EndProject
Global
	GlobalSection(SolutionConfigurationPlatforms) = preSolution
		Debug|Any CPU = Debug|Any CPU
		Release|Any CPU = Release|Any CPU
	EndGlobalSection
	GlobalSection(ProjectConfigurationPlatforms) = postSolution
		{307A5D91-38E0-4DF0-84E4-AF41935C5087}.Debug|Any CPU.ActiveCfg = Debug|Any CPU
		{307A5D91-38E0-4DF0-84E4-AF41935C5087}.Release|Any CPU.ActiveCfg = Release|Any CPU
	EndGlobalSection
	GlobalSection(SolutionProperties) = preSolution
		HideSolutionNode = FALSE
	EndGlobalSection
	GlobalSection(ExtensibilityGlobals) = postSolution
		SolutionGuid = {F985F2A4-7104-4DB1-BD71-C5820D5DA4F0}
	EndGlobalSection
EndGlobal
